{
    "name": "@globality/nodule-graphql",
    "version": "0.10.5",
    "lockfileVersion": 1,
    "requires": true,
    "dependencies": {
        "yarn": {
            "version": "1.5.1",
            "resolved": "https://globality.jfrog.io/globality/api/npm/npm/yarn/-/yarn-1.5.1.tgz",
            "integrity": "sha1-6GgDYOgyrIlSHrgNrTp7wnpAurQ="
        }
    }
}
